
Microsoft Visual Studio Solution File, Format Version 12.00
# Visual Studio 15
VisualStudioVersion = 15.0.27130.2036
MinimumVisualStudioVersion = 10.0.40219.1
Project("{9A19103F-16F7-4668-BE54-9A1E7A4F7556}") = "SportsStore", "SportsStore\SportsStore.csproj", "{71EA7564-D68B-4B95-823B-481A7008EFEA}"
EndProject
Project("{9A19103F-16F7-4668-BE54-9A1E7A4F7556}") = "SportsStore.Tests", "SportsStore.Tests\SportsStore.Tests.csproj", "{76C96D31-B003-482D-B5AF-384E889D7B24}"
EndProject
Global
	GlobalSection(SolutionConfigurationPlatforms) = preSolution
		Debug|Any CPU = Debug|Any CPU
		Release|Any CPU = Release|Any CPU
	EndGlobalSection
	GlobalSection(ProjectConfigurationPlatforms) = postSolution
		{71EA7564-D68B-4B95-823B-481A7008EFEA}.Debug|Any CPU.ActiveCfg = Debug|Any CPU
		{71EA7564-D68B-4B95-823B-481A7008EFEA}.Debug|Any CPU.Build.0 = Debug|Any CPU
		{71EA7564-D68B-4B95-823B-481A7008EFEA}.Release|Any CPU.ActiveCfg = Release|Any CPU
		{71EA7564-D68B-4B95-823B-481A7008EFEA}.Release|Any CPU.Build.0 = Release|Any CPU
		{76C96D31-B003-482D-B5AF-384E889D7B24}.Debug|Any CPU.ActiveCfg = Debug|Any CPU
		{76C96D31-B003-482D-B5AF-384E889D7B24}.Debug|Any CPU.Build.0 = Debug|Any CPU
		{76C96D31-B003-482D-B5AF-384E889D7B24}.Release|Any CPU.ActiveCfg = Release|Any CPU
		{76C96D31-B003-482D-B5AF-384E889D7B24}.Release|Any CPU.Build.0 = Release|Any CPU
	EndGlobalSection
	GlobalSection(SolutionProperties) = preSolution
		HideSolutionNode = FALSE
	EndGlobalSection
	GlobalSection(ExtensibilityGlobals) = postSolution
		SolutionGuid = {B7FA228A-1FA1-4D27-8772-33D91A26A213}
	EndGlobalSection
EndGlobal
